{
  "originHash" : "77cb841930239515d0eb126c0d1f594c8f9439cad542c7fc62c545fc1571f888",
  "pins" : [
    {
      "identity" : "divkit-ios",
      "kind" : "remoteSourceControl",
      "location" : "https://github.com/divkit/divkit-ios.git",
      "state" : {
        "revision" : "6eafc3f68c3eaae35261855ae5d7f7ecec3d1891",
        "version" : "32.13.0"
      }
    },
    {
      "identity" : "netfox",
      "kind" : "remoteSourceControl",
      "location" : "https://github.com/kasketis/netfox",
      "state" : {
        "revision" : "557576032736fd3140422baefb68b8f76c55088f",
        "version" : "1.21.0"
      }
    },
    {
      "identity" : "swift-cmark",
      "kind" : "remoteSourceControl",
      "location" : "https://github.com/swiftlang/swift-cmark.git",
      "state" : {
        "revision" : "b022b08312decdc46585e0b3440d97f6f22ef703",
        "version" : "0.6.0"
      }
    },
    {
      "identity" : "swift-markdown",
      "kind" : "remoteSourceControl",
      "location" : "https://github.com/apple/swift-markdown.git",
      "state" : {
        "revision" : "ea79e83c8744d2b50b0dc2d5bbd1e857e1253bf9",
        "version" : "0.6.0"
      }
    },
    {
      "identity" : "vgsl",
      "kind" : "remoteSourceControl",
      "location" : "https://github.com/yandex/vgsl.git",
      "state" : {
        "revision" : "c38ecfcec0c3d2c7e9468ce06439af81362223ec",
        "version" : "7.7.1"
      }
    }
  ],
  "version" : 3
}
